{
  "name": "jakubsevela-web",
  "lockfileVersion": 3,
  "requires": true,
  "packages": {
    "": {
      "name": "jakubsevela-web",
      "devDependencies": {
        "@fontsource/dm-mono": "^5.2.5",
        "@fontsource/dm-sans": "^5.2.5",
        "@fontsource/lora": "^5.2.5",
        "@fontsource/space-grotesk": "^5.2.5"
      }
    },
    "node_modules/@fontsource/dm-mono": {
      "version": "5.3.0",
      "resolved": "https://registry.npmjs.org/@fontsource/dm-mono/-/dm-mono-5.3.0.tgz",
      "integrity": "sha512-OINjI8C1S/wpchhQxl7njZdMn4+hnDCpQ4YtvvOpKNARo+0J8O1x1IcrChxNjHOhfVv1by8C/FQoy3hXK+C1Ug==",
      "dev": true,
      "license": "OFL-1.1",
      "funding": {
        "url": "https://github.com/sponsors/ayuhito"
      }
    },
    "node_modules/@fontsource/dm-sans": {
      "version": "5.3.0",
      "resolved": "https://registry.npmjs.org/@fontsource/dm-sans/-/dm-sans-5.3.0.tgz",
      "integrity": "sha512-lYJtMXXO28q1z+yz+z8XKd0s4hXaa9QdkETzkyD760sidCv5heI86weYA0sx0Nc4pAMAQTUuyf4gO44cYKKS9g==",
      "dev": true,
      "license": "OFL-1.1",
      "funding": {
        "url": "https://github.com/sponsors/ayuhito"
      }
    },
    "node_modules/@fontsource/lora": {
      "version": "5.3.0",
      "resolved": "https://registry.npmjs.org/@fontsource/lora/-/lora-5.3.0.tgz",
      "integrity": "sha512-OK1g1z01rHVPqO5aw/FOIoDqc46KKYZdgL3NOLkxLWDk6QhDHhdr/h2BV1cke6gTvR1tzpDfdKyUkGsC+sQLeQ==",
      "dev": true,
      "license": "OFL-1.1",
      "funding": {
        "url": "https://github.com/sponsors/ayuhito"
      }
    },
    "node_modules/@fontsource/space-grotesk": {
      "version": "5.3.0",
      "resolved": "https://registry.npmjs.org/@fontsource/space-grotesk/-/space-grotesk-5.3.0.tgz",
      "integrity": "sha512-ksnGizDPXIDuvqcTYTSrmZ+evx9sDlS8rp7+42BQ7wU+spt3twEoXfbJz672C+5CLg6VeUQwRy5RXshWb67LcQ==",
      "dev": true,
      "license": "OFL-1.1",
      "funding": {
        "url": "https://github.com/sponsors/ayuhito"
      }
    }
  }
}
